schema: '2.0'
stages:
  data_loading:
    cmd: python src/data_loading.py
    deps:
    - path: src/data_loading.py
      hash: md5
      md5: dd4fbe4c1924c8cef862933ae76e976d
      size: 1127
    params:
      params.yaml:
        fkrtl_gcs_path: gs://data-sample-bpjs/raw/dm_fkrtl.csv
        fktp_gcs_path: gs://data-sample-bpjs/raw/dm_fktp_kapitasi.csv
        peserta_gcs_path: gs://data-sample-bpjs/raw/dm_2021_kepesertaan.csv
    outs:
    - path: data/raw/fkrtl.csv
      hash: md5
      md5: fb2a5fa33753f29775936d3e9ce0feac
      size: 552060992
    - path: data/raw/fktp.csv
      hash: md5
      md5: 5851711389424190c7549f375f8d7723
      size: 198783349
    - path: data/raw/peserta.csv
      hash: md5
      md5: 612e91cc605a62f11d20a5d8a9eee035
      size: 25694115
  data_validation:
    cmd: python src/data_validation.py
    deps:
    - path: data/raw
      hash: md5
      md5: 4f3e10e5c2661b6c86ed7529ba1aa080.dir
      size: 776538456
      nfiles: 3
    - path: src/data_validation.py
      hash: md5
      md5: b430bf732d00ac8853a47a366d752708
      size: 1904
    params:
      params.yaml:
        data.raw_data_folder: ./data/raw
