schema: '2.0'
stages:
  data_loading:
    cmd: python src/data_loading.py
    deps:
    - path: src/data_loading.py
      hash: md5
      md5: dd4fbe4c1924c8cef862933ae76e976d
      size: 1127
    params:
      params.yaml:
        fkrtl_gcs_path: gs://data-sample-bpjs/raw/dm_fkrtl.csv
        fktp_gcs_path: gs://data-sample-bpjs/raw/dm_fktp_kapitasi.csv
        peserta_gcs_path: gs://data-sample-bpjs/raw/dm_2021_kepesertaan.csv
    outs:
    - path: data/raw/fkrtl.csv
      hash: md5
      md5: c9813a2f558e228d657e2a95a5a244a2
      size: 546385614
    - path: data/raw/fktp.csv
      hash: md5
      md5: be566ff30dd306a7579e1288d2af4dc7
      size: 190387866
    - path: data/raw/peserta.csv
      hash: md5
      md5: 68c5df5cb1c31493774f5da9e63242a9
      size: 24800752
  data_validation:
    cmd: python src/data_validation.py
    deps:
    - path: data/raw
      hash: md5
      md5: 150e4fe6562aaf176062a048bb6cf440.dir
      size: 761574232
      nfiles: 3
    - path: src/data_validation.py
      hash: md5
      md5: b430bf732d00ac8853a47a366d752708
      size: 1904
    params:
      params.yaml:
        data.raw_data_folder: ./data/raw
